
Microsoft Visual Studio Solution File, Format Version 12.00
# Visual Studio 15
VisualStudioVersion = 15.0.26430.16
MinimumVisualStudioVersion = 10.0.40219.1
Project("{FAE04EC0-301F-11D3-BF4B-00C04F79EFBC}") = "JDSpeech", "JDSpeech\JDSpeech.csproj", "{E69096AC-9FCE-4FC5-A188-1B36FD0591A8}"
EndProject
Project("{E24C65DC-7377-472B-9ABA-BC803B73C61A}") = "Avatar(1)", "Avatar\", "{4DF769A1-5176-4CDE-8E7E-A0459EDDE4A6}"
	ProjectSection(WebsiteProperties) = preProject
		TargetFrameworkMoniker = ".NETFramework,Version%3Dv4.0"
		Debug.AspNetCompiler.VirtualPath = "/localhost_63792"
		Debug.AspNetCompiler.PhysicalPath = "Avatar\"
		Debug.AspNetCompiler.TargetPath = "PrecompiledWeb\localhost_63792\"
		Debug.AspNetCompiler.Updateable = "false"
		Debug.AspNetCompiler.ForceOverwrite = "true"
		Debug.AspNetCompiler.FixedNames = "false"
		Debug.AspNetCompiler.Debug = "True"
		Release.AspNetCompiler.VirtualPath = "/localhost_63792"
		Release.AspNetCompiler.PhysicalPath = "Avatar\"
		Release.AspNetCompiler.TargetPath = "PrecompiledWeb\localhost_63792\"
		Release.AspNetCompiler.Updateable = "false"
		Release.AspNetCompiler.ForceOverwrite = "true"
		Release.AspNetCompiler.FixedNames = "false"
		Release.AspNetCompiler.Debug = "False"
		VWDPort = "63792"
		SlnRelativePath = "Avatar\"
	EndProjectSection
EndProject
Global
	GlobalSection(SolutionConfigurationPlatforms) = preSolution
		Debug|Any CPU = Debug|Any CPU
		Debug|ARM = Debug|ARM
		Debug|x64 = Debug|x64
		Debug|x86 = Debug|x86
		Release|Any CPU = Release|Any CPU
		Release|ARM = Release|ARM
		Release|x64 = Release|x64
		Release|x86 = Release|x86
	EndGlobalSection
	GlobalSection(ProjectConfigurationPlatforms) = postSolution
		{E69096AC-9FCE-4FC5-A188-1B36FD0591A8}.Debug|Any CPU.ActiveCfg = Debug|Any CPU
		{E69096AC-9FCE-4FC5-A188-1B36FD0591A8}.Debug|Any CPU.Build.0 = Debug|Any CPU
		{E69096AC-9FCE-4FC5-A188-1B36FD0591A8}.Debug|ARM.ActiveCfg = Debug|Any CPU
		{E69096AC-9FCE-4FC5-A188-1B36FD0591A8}.Debug|ARM.Build.0 = Debug|Any CPU
		{E69096AC-9FCE-4FC5-A188-1B36FD0591A8}.Debug|x64.ActiveCfg = Debug|Any CPU
		{E69096AC-9FCE-4FC5-A188-1B36FD0591A8}.Debug|x64.Build.0 = Debug|Any CPU
		{E69096AC-9FCE-4FC5-A188-1B36FD0591A8}.Debug|x86.ActiveCfg = Debug|Any CPU
		{E69096AC-9FCE-4FC5-A188-1B36FD0591A8}.Debug|x86.Build.0 = Debug|Any CPU
		{E69096AC-9FCE-4FC5-A188-1B36FD0591A8}.Release|Any CPU.ActiveCfg = Release|Any CPU
		{E69096AC-9FCE-4FC5-A188-1B36FD0591A8}.Release|Any CPU.Build.0 = Release|Any CPU
		{E69096AC-9FCE-4FC5-A188-1B36FD0591A8}.Release|ARM.ActiveCfg = Release|Any CPU
		{E69096AC-9FCE-4FC5-A188-1B36FD0591A8}.Release|ARM.Build.0 = Release|Any CPU
		{E69096AC-9FCE-4FC5-A188-1B36FD0591A8}.Release|x64.ActiveCfg = Release|Any CPU
		{E69096AC-9FCE-4FC5-A188-1B36FD0591A8}.Release|x64.Build.0 = Release|Any CPU
		{E69096AC-9FCE-4FC5-A188-1B36FD0591A8}.Release|x86.ActiveCfg = Release|Any CPU
		{E69096AC-9FCE-4FC5-A188-1B36FD0591A8}.Release|x86.Build.0 = Release|Any CPU
		{4DF769A1-5176-4CDE-8E7E-A0459EDDE4A6}.Debug|Any CPU.ActiveCfg = Debug|Any CPU
		{4DF769A1-5176-4CDE-8E7E-A0459EDDE4A6}.Debug|Any CPU.Build.0 = Debug|Any CPU
		{4DF769A1-5176-4CDE-8E7E-A0459EDDE4A6}.Debug|ARM.ActiveCfg = Debug|Any CPU
		{4DF769A1-5176-4CDE-8E7E-A0459EDDE4A6}.Debug|ARM.Build.0 = Debug|Any CPU
		{4DF769A1-5176-4CDE-8E7E-A0459EDDE4A6}.Debug|x64.ActiveCfg = Debug|Any CPU
		{4DF769A1-5176-4CDE-8E7E-A0459EDDE4A6}.Debug|x64.Build.0 = Debug|Any CPU
		{4DF769A1-5176-4CDE-8E7E-A0459EDDE4A6}.Debug|x86.ActiveCfg = Debug|Any CPU
		{4DF769A1-5176-4CDE-8E7E-A0459EDDE4A6}.Debug|x86.Build.0 = Debug|Any CPU
		{4DF769A1-5176-4CDE-8E7E-A0459EDDE4A6}.Release|Any CPU.ActiveCfg = Debug|Any CPU
		{4DF769A1-5176-4CDE-8E7E-A0459EDDE4A6}.Release|Any CPU.Build.0 = Debug|Any CPU
		{4DF769A1-5176-4CDE-8E7E-A0459EDDE4A6}.Release|ARM.ActiveCfg = Debug|Any CPU
		{4DF769A1-5176-4CDE-8E7E-A0459EDDE4A6}.Release|ARM.Build.0 = Debug|Any CPU
		{4DF769A1-5176-4CDE-8E7E-A0459EDDE4A6}.Release|x64.ActiveCfg = Debug|Any CPU
		{4DF769A1-5176-4CDE-8E7E-A0459EDDE4A6}.Release|x64.Build.0 = Debug|Any CPU
		{4DF769A1-5176-4CDE-8E7E-A0459EDDE4A6}.Release|x86.ActiveCfg = Debug|Any CPU
		{4DF769A1-5176-4CDE-8E7E-A0459EDDE4A6}.Release|x86.Build.0 = Debug|Any CPU
	EndGlobalSection
	GlobalSection(SolutionProperties) = preSolution
		HideSolutionNode = FALSE
	EndGlobalSection
EndGlobal
